// !$*UTF8*$!
{
	archiveVersion = 1;
	classes = {
	};
	objectVersion = 52;
	objects = {

/* Begin PBXBuildFile section */
		E56971E92401B0B800D11631 /* AppDelegate.swift in Sources */ = {isa = PBXBuildFile; fileRef = E56971E82401B0B800D11631 /* AppDelegate.swift */; };
		E56971EB2401B0B800D11631 /* SceneDelegate.swift in Sources */ = {isa = PBXBuildFile; fileRef = E56971EA2401B0B800D11631 /* SceneDelegate.swift */; };
		E56971ED2401B0B800D11631 /* VideoFeedsView.swift in Sources */ = {isa = PBXBuildFile; fileRef = E56971EC2401B0B800D11631 /* VideoFeedsView.swift */; };
		E56971EF2401B0BA00D11631 /* Assets.xcassets in Resources */ = {isa = PBXBuildFile; fileRef = E56971EE2401B0BA00D11631 /* Assets.xcassets */; };
		E56971F22401B0BA00D11631 /* Preview Assets.xcassets in Resources */ = {isa = PBXBuildFile; fileRef = E56971F12401B0BA00D11631 /* Preview Assets.xcassets */; };
		E56971F52401B0BA00D11631 /* LaunchScreen.storyboard in Resources */ = {isa = PBXBuildFile; fileRef = E56971F32401B0BA00D11631 /* LaunchScreen.storyboard */; };
		E56971FD2401B1E200D11631 /* PlayerView.swift in Sources */ = {isa = PBXBuildFile; fileRef = E56971FC2401B1E200D11631 /* PlayerView.swift */; };
		E56971FF2401B25900D11631 /* PlayerUIView.swift in Sources */ = {isa = PBXBuildFile; fileRef = E56971FE2401B25900D11631 /* PlayerUIView.swift */; };
		E56972012401B3EC00D11631 /* CastOptionsView.swift in Sources */ = {isa = PBXBuildFile; fileRef = E56972002401B3EC00D11631 /* CastOptionsView.swift */; };
		E569720324032BA100D11631 /* DataModels.swift in Sources */ = {isa = PBXBuildFile; fileRef = E569720224032BA100D11631 /* DataModels.swift */; };
		E569720A240336ED00D11631 /* SSDPClient in Frameworks */ = {isa = PBXBuildFile; productRef = E5697209240336ED00D11631 /* SSDPClient */; };
/* End PBXBuildFile section */

/* Begin PBXFileReference section */
		E56971E52401B0B800D11631 /* Caster.app */ = {isa = PBXFileReference; explicitFileType = wrapper.application; includeInIndex = 0; path = Caster.app; sourceTree = BUILT_PRODUCTS_DIR; };
		E56971E82401B0B800D11631 /* AppDelegate.swift */ = {isa = PBXFileReference; lastKnownFileType = sourcecode.swift; path = AppDelegate.swift; sourceTree = "<group>"; };
		E56971EA2401B0B800D11631 /* SceneDelegate.swift */ = {isa = PBXFileReference; lastKnownFileType = sourcecode.swift; path = SceneDelegate.swift; sourceTree = "<group>"; };
		E56971EC2401B0B800D11631 /* VideoFeedsView.swift */ = {isa = PBXFileReference; lastKnownFileType = sourcecode.swift; path = VideoFeedsView.swift; sourceTree = "<group>"; };
		E56971EE2401B0BA00D11631 /* Assets.xcassets */ = {isa = PBXFileReference; lastKnownFileType = folder.assetcatalog; path = Assets.xcassets; sourceTree = "<group>"; };
		E56971F12401B0BA00D11631 /* Preview Assets.xcassets */ = {isa = PBXFileReference; lastKnownFileType = folder.assetcatalog; path = "Preview Assets.xcassets"; sourceTree = "<group>"; };
		E56971F42401B0BA00D11631 /* Base */ = {isa = PBXFileReference; lastKnownFileType = file.storyboard; name = Base; path = Base.lproj/LaunchScreen.storyboard; sourceTree = "<group>"; };
		E56971F62401B0BA00D11631 /* Info.plist */ = {isa = PBXFileReference; lastKnownFileType = text.plist.xml; path = Info.plist; sourceTree = "<group>"; };
		E56971FC2401B1E200D11631 /* PlayerView.swift */ = {isa = PBXFileReference; lastKnownFileType = sourcecode.swift; path = PlayerView.swift; sourceTree = "<group>"; };
		E56971FE2401B25900D11631 /* PlayerUIView.swift */ = {isa = PBXFileReference; lastKnownFileType = sourcecode.swift; path = PlayerUIView.swift; sourceTree = "<group>"; };
		E56972002401B3EC00D11631 /* CastOptionsView.swift */ = {isa = PBXFileReference; lastKnownFileType = sourcecode.swift; path = CastOptionsView.swift; sourceTree = "<group>"; };
		E569720224032BA100D11631 /* DataModels.swift */ = {isa = PBXFileReference; lastKnownFileType = sourcecode.swift; path = DataModels.swift; sourceTree = "<group>"; };
/* End PBXFileReference section */

/* Begin PBXFrameworksBuildPhase section */
		E56971E22401B0B800D11631 /* Frameworks */ = {
			isa = PBXFrameworksBuildPhase;
			buildActionMask = 2147483647;
			files = (
				E569720A240336ED00D11631 /* SSDPClient in Frameworks */,
			);
			runOnlyForDeploymentPostprocessing = 0;
		};
/* End PBXFrameworksBuildPhase section */

/* Begin PBXGroup section */
		E56971DC2401B0B800D11631 = {
			isa = PBXGroup;
			children = (
				E56971E72401B0B800D11631 /* Caster */,
				E56971E62401B0B800D11631 /* Products */,
			);
			sourceTree = "<group>";
		};
		E56971E62401B0B800D11631 /* Products */ = {
			isa = PBXGroup;
			children = (
				E56971E52401B0B800D11631 /* Caster.app */,
			);
			name = Products;
			sourceTree = "<group>";
		};
		E56971E72401B0B800D11631 /* Caster */ = {
			isa = PBXGroup;
			children = (
				E56971E82401B0B800D11631 /* AppDelegate.swift */,
				E56971EA2401B0B800D11631 /* SceneDelegate.swift */,
				E56971EC2401B0B800D11631 /* VideoFeedsView.swift */,
				E569720524032C3600D11631 /* VideoFeedsView */,
				E56971FC2401B1E200D11631 /* PlayerView.swift */,
				E569720424032C2D00D11631 /* PlayerView */,
				E56971EE2401B0BA00D11631 /* Assets.xcassets */,
				E56971F32401B0BA00D11631 /* LaunchScreen.storyboard */,
				E56971F62401B0BA00D11631 /* Info.plist */,
				E569720224032BA100D11631 /* DataModels.swift */,
				E56971F02401B0BA00D11631 /* Preview Content */,
			);
			path = Caster;
			sourceTree = "<group>";
		};
		E56971F02401B0BA00D11631 /* Preview Content */ = {
			isa = PBXGroup;
			children = (
				E56971F12401B0BA00D11631 /* Preview Assets.xcassets */,
			);
			path = "Preview Content";
			sourceTree = "<group>";
		};
		E569720424032C2D00D11631 /* PlayerView */ = {
			isa = PBXGroup;
			children = (
				E56971FE2401B25900D11631 /* PlayerUIView.swift */,
			);
			path = PlayerView;
			sourceTree = "<group>";
		};
		E569720524032C3600D11631 /* VideoFeedsView */ = {
			isa = PBXGroup;
			children = (
				E56972002401B3EC00D11631 /* CastOptionsView.swift */,
			);
			path = VideoFeedsView;
			sourceTree = "<group>";
		};
/* End PBXGroup section */

/* Begin PBXNativeTarget section */
		E56971E42401B0B800D11631 /* Caster */ = {
			isa = PBXNativeTarget;
			buildConfigurationList = E56971F92401B0BA00D11631 /* Build configuration list for PBXNativeTarget "Caster" */;
			buildPhases = (
				E56971E12401B0B800D11631 /* Sources */,
				E56971E22401B0B800D11631 /* Frameworks */,
				E56971E32401B0B800D11631 /* Resources */,
			);
			buildRules = (
			);
			dependencies = (
			);
			name = Caster;
			packageProductDependencies = (
				E5697209240336ED00D11631 /* SSDPClient */,
			);
			productName = Caster;
			productReference = E56971E52401B0B800D11631 /* Caster.app */;
			productType = "com.apple.product-type.application";
		};
/* End PBXNativeTarget section */

/* Begin PBXProject section */
		E56971DD2401B0B800D11631 /* Project object */ = {
			isa = PBXProject;
			attributes = {
				LastSwiftUpdateCheck = 1130;
				LastUpgradeCheck = 1130;
				ORGANIZATIONNAME = "Joel Whitney";
				TargetAttributes = {
					E56971E42401B0B800D11631 = {
						CreatedOnToolsVersion = 11.3.1;
					};
				};
			};
			buildConfigurationList = E56971E02401B0B800D11631 /* Build configuration list for PBXProject "Caster" */;
			compatibilityVersion = "Xcode 9.3";
			developmentRegion = en;
			hasScannedForEncodings = 0;
			knownRegions = (
				en,
				Base,
			);
			mainGroup = E56971DC2401B0B800D11631;
			packageReferences = (
				E5697208240336ED00D11631 /* XCRemoteSwiftPackageReference "SSDPClient" */,
			);
			productRefGroup = E56971E62401B0B800D11631 /* Products */;
			projectDirPath = "";
			projectRoot = "";
			targets = (
				E56971E42401B0B800D11631 /* Caster */,
			);
		};
/* End PBXProject section */

/* Begin PBXResourcesBuildPhase section */
		E56971E32401B0B800D11631 /* Resources */ = {
			isa = PBXResourcesBuildPhase;
			buildActionMask = 2147483647;
			files = (
				E56971F52401B0BA00D11631 /* LaunchScreen.storyboard in Resources */,
				E56971F22401B0BA00D11631 /* Preview Assets.xcassets in Resources */,
				E56971EF2401B0BA00D11631 /* Assets.xcassets in Resources */,
			);
			runOnlyForDeploymentPostprocessing = 0;
		};
/* End PBXResourcesBuildPhase section */

/* Begin PBXSourcesBuildPhase section */
		E56971E12401B0B800D11631 /* Sources */ = {
			isa = PBXSourcesBuildPhase;
			buildActionMask = 2147483647;
			files = (
				E56971E92401B0B800D11631 /* AppDelegate.swift in Sources */,
				E56971FF2401B25900D11631 /* PlayerUIView.swift in Sources */,
				E56971EB2401B0B800D11631 /* SceneDelegate.swift in Sources */,
				E56972012401B3EC00D11631 /* CastOptionsView.swift in Sources */,
				E569720324032BA100D11631 /* DataModels.swift in Sources */,
				E56971ED2401B0B800D11631 /* VideoFeedsView.swift in Sources */,
				E56971FD2401B1E200D11631 /* PlayerView.swift in Sources */,
			);
			runOnlyForDeploymentPostprocessing = 0;
		};
/* End PBXSourcesBuildPhase section */

/* Begin PBXVariantGroup section */
		E56971F32401B0BA00D11631 /* LaunchScreen.storyboard */ = {
			isa = PBXVariantGroup;
			children = (
				E56971F42401B0BA00D11631 /* Base */,
			);
			name = LaunchScreen.storyboard;
			sourceTree = "<group>";
		};
/* End PBXVariantGroup section */

/* Begin XCBuildConfiguration section */
		E56971F72401B0BA00D11631 /* Debug */ = {
			isa = XCBuildConfiguration;
			buildSettings = {
				ALWAYS_SEARCH_USER_PATHS = NO;
				CLANG_ANALYZER_NONNULL = YES;
				CLANG_ANALYZER_NUMBER_OBJECT_CONVERSION = YES_AGGRESSIVE;
				CLANG_CXX_LANGUAGE_STANDARD = "gnu++14";
				CLANG_CXX_LIBRARY = "libc++";
				CLANG_ENABLE_MODULES = YES;
				CLANG_ENABLE_OBJC_ARC = YES;
				CLANG_ENABLE_OBJC_WEAK = YES;
				CLANG_WARN_BLOCK_CAPTURE_AUTORELEASING = YES;
				CLANG_WARN_BOOL_CONVERSION = YES;
				CLANG_WARN_COMMA = YES;
				CLANG_WARN_CONSTANT_CONVERSION = YES;
				CLANG_WARN_DEPRECATED_OBJC_IMPLEMENTATIONS = YES;
				CLANG_WARN_DIRECT_OBJC_ISA_USAGE = YES_ERROR;
				CLANG_WARN_DOCUMENTATION_COMMENTS = YES;
				CLANG_WARN_EMPTY_BODY = YES;
				CLANG_WARN_ENUM_CONVERSION = YES;
				CLANG_WARN_INFINITE_RECURSION = YES;
				CLANG_WARN_INT_CONVERSION = YES;
				CLANG_WARN_NON_LITERAL_NULL_CONVERSION = YES;
				CLANG_WARN_OBJC_IMPLICIT_RETAIN_SELF = YES;
				CLANG_WARN_OBJC_LITERAL_CONVERSION = YES;
				CLANG_WARN_OBJC_ROOT_CLASS = YES_ERROR;
				CLANG_WARN_RANGE_LOOP_ANALYSIS = YES;
				CLANG_WARN_STRICT_PROTOTYPES = YES;
				CLANG_WARN_SUSPICIOUS_MOVE = YES;
				CLANG_WARN_UNGUARDED_AVAILABILITY = YES_AGGRESSIVE;
				CLANG_WARN_UNREACHABLE_CODE = YES;
				CLANG_WARN__DUPLICATE_METHOD_MATCH = YES;
				COPY_PHASE_STRIP = NO;
				DEBUG_INFORMATION_FORMAT = dwarf;
				ENABLE_STRICT_OBJC_MSGSEND = YES;
				ENABLE_TESTABILITY = YES;
				GCC_C_LANGUAGE_STANDARD = gnu11;
				GCC_DYNAMIC_NO_PIC = NO;
				GCC_NO_COMMON_BLOCKS = YES;
				GCC_OPTIMIZATION_LEVEL = 0;
				GCC_PREPROCESSOR_DEFINITIONS = (
					"DEBUG=1",
					"$(inherited)",
				);
				GCC_WARN_64_TO_32_BIT_CONVERSION = YES;
				GCC_WARN_ABOUT_RETURN_TYPE = YES_ERROR;
				GCC_WARN_UNDECLARED_SELECTOR = YES;
				GCC_WARN_UNINITIALIZED_AUTOS = YES_AGGRESSIVE;
				GCC_WARN_UNUSED_FUNCTION = YES;
				GCC_WARN_UNUSED_VARIABLE = YES;
				IPHONEOS_DEPLOYMENT_TARGET = 13.2;
				MTL_ENABLE_DEBUG_INFO = INCLUDE_SOURCE;
				MTL_FAST_MATH = YES;
				ONLY_ACTIVE_ARCH = YES;
				SDKROOT = iphoneos;
				SWIFT_ACTIVE_COMPILATION_CONDITIONS = DEBUG;
				SWIFT_OPTIMIZATION_LEVEL = "-Onone";
			};
			name = Debug;
		};
		E56971F82401B0BA00D11631 /* Release */ = {
			isa = XCBuildConfiguration;
			buildSettings = {
				ALWAYS_SEARCH_USER_PATHS = NO;
				CLANG_ANALYZER_NONNULL = YES;
				CLANG_ANALYZER_NUMBER_OBJECT_CONVERSION = YES_AGGRESSIVE;
				CLANG_CXX_LANGUAGE_STANDARD = "gnu++14";
				CLANG_CXX_LIBRARY = "libc++";
				CLANG_ENABLE_MODULES = YES;
				CLANG_ENABLE_OBJC_ARC = YES;
				CLANG_ENABLE_OBJC_WEAK = YES;
				CLANG_WARN_BLOCK_CAPTURE_AUTORELEASING = YES;
				CLANG_WARN_BOOL_CONVERSION = YES;
				CLANG_WARN_COMMA = YES;
				CLANG_WARN_CONSTANT_CONVERSION = YES;
				CLANG_WARN_DEPRECATED_OBJC_IMPLEMENTATIONS = YES;
				CLANG_WARN_DIRECT_OBJC_ISA_USAGE = YES_ERROR;
				CLANG_WARN_DOCUMENTATION_COMMENTS = YES;
				CLANG_WARN_EMPTY_BODY = YES;
				CLANG_WARN_ENUM_CONVERSION = YES;
				CLANG_WARN_INFINITE_RECURSION = YES;
				CLANG_WARN_INT_CONVERSION = YES;
				CLANG_WARN_NON_LITERAL_NULL_CONVERSION = YES;
				CLANG_WARN_OBJC_IMPLICIT_RETAIN_SELF = YES;
				CLANG_WARN_OBJC_LITERAL_CONVERSION = YES;
				CLANG_WARN_OBJC_ROOT_CLASS = YES_ERROR;
				CLANG_WARN_RANGE_LOOP_ANALYSIS = YES;
				CLANG_WARN_STRICT_PROTOTYPES = YES;
				CLANG_WARN_SUSPICIOUS_MOVE = YES;
				CLANG_WARN_UNGUARDED_AVAILABILITY = YES_AGGRESSIVE;
				CLANG_WARN_UNREACHABLE_CODE = YES;
				CLANG_WARN__DUPLICATE_METHOD_MATCH = YES;
				COPY_PHASE_STRIP = NO;
				DEBUG_INFORMATION_FORMAT = "dwarf-with-dsym";
				ENABLE_NS_ASSERTIONS = NO;
				ENABLE_STRICT_OBJC_MSGSEND = YES;
				GCC_C_LANGUAGE_STANDARD = gnu11;
				GCC_NO_COMMON_BLOCKS = YES;
				GCC_WARN_64_TO_32_BIT_CONVERSION = YES;
				GCC_WARN_ABOUT_RETURN_TYPE = YES_ERROR;
				GCC_WARN_UNDECLARED_SELECTOR = YES;
				GCC_WARN_UNINITIALIZED_AUTOS = YES_AGGRESSIVE;
				GCC_WARN_UNUSED_FUNCTION = YES;
				GCC_WARN_UNUSED_VARIABLE = YES;
				IPHONEOS_DEPLOYMENT_TARGET = 13.2;
				MTL_ENABLE_DEBUG_INFO = NO;
				MTL_FAST_MATH = YES;
				SDKROOT = iphoneos;
				SWIFT_COMPILATION_MODE = wholemodule;
				SWIFT_OPTIMIZATION_LEVEL = "-O";
				VALIDATE_PRODUCT = YES;
			};
			name = Release;
		};
		E56971FA2401B0BA00D11631 /* Debug */ = {
			isa = XCBuildConfiguration;
			buildSettings = {
				ASSETCATALOG_COMPILER_APPICON_NAME = AppIcon;
				CODE_SIGN_STYLE = Automatic;
				DEVELOPMENT_ASSET_PATHS = "\"Caster/Preview Content\"";
				DEVELOPMENT_TEAM = 5SREPW8963;
				ENABLE_PREVIEWS = YES;
				INFOPLIST_FILE = Caster/Info.plist;
				LD_RUNPATH_SEARCH_PATHS = (
					"$(inherited)",
					"@executable_path/Frameworks",
				);
				PRODUCT_BUNDLE_IDENTIFIER = com.joelwhitney.Caster;
				PRODUCT_NAME = "$(TARGET_NAME)";
				SWIFT_VERSION = 5.0;
				TARGETED_DEVICE_FAMILY = "1,2";
			};
			name = Debug;
		};
		E56971FB2401B0BA00D11631 /* Release */ = {
			isa = XCBuildConfiguration;
			buildSettings = {
				ASSETCATALOG_COMPILER_APPICON_NAME = AppIcon;
				CODE_SIGN_STYLE = Automatic;
				DEVELOPMENT_ASSET_PATHS = "\"Caster/Preview Content\"";
				DEVELOPMENT_TEAM = 5SREPW8963;
				ENABLE_PREVIEWS = YES;
				INFOPLIST_FILE = Caster/Info.plist;
				LD_RUNPATH_SEARCH_PATHS = (
					"$(inherited)",
					"@executable_path/Frameworks",
				);
				PRODUCT_BUNDLE_IDENTIFIER = com.joelwhitney.Caster;
				PRODUCT_NAME = "$(TARGET_NAME)";
				SWIFT_VERSION = 5.0;
				TARGETED_DEVICE_FAMILY = "1,2";
			};
			name = Release;
		};
/* End XCBuildConfiguration section */

/* Begin XCConfigurationList section */
		E56971E02401B0B800D11631 /* Build configuration list for PBXProject "Caster" */ = {
			isa = XCConfigurationList;
			buildConfigurations = (
				E56971F72401B0BA00D11631 /* Debug */,
				E56971F82401B0BA00D11631 /* Release */,
			);
			defaultConfigurationIsVisible = 0;
			defaultConfigurationName = Release;
		};
		E56971F92401B0BA00D11631 /* Build configuration list for PBXNativeTarget "Caster" */ = {
			isa = XCConfigurationList;
			buildConfigurations = (
				E56971FA2401B0BA00D11631 /* Debug */,
				E56971FB2401B0BA00D11631 /* Release */,
			);
			defaultConfigurationIsVisible = 0;
			defaultConfigurationName = Release;
		};
/* End XCConfigurationList section */

/* Begin XCRemoteSwiftPackageReference section */
		E5697208240336ED00D11631 /* XCRemoteSwiftPackageReference "SSDPClient" */ = {
			isa = XCRemoteSwiftPackageReference;
			repositoryURL = "https://github.com/pierrickrouxel/SSDPClient.git";
			requirement = {
				kind = upToNextMajorVersion;
				minimumVersion = 0.2.1;
			};
		};
/* End XCRemoteSwiftPackageReference section */

/* Begin XCSwiftPackageProductDependency section */
		E5697209240336ED00D11631 /* SSDPClient */ = {
			isa = XCSwiftPackageProductDependency;
			package = E5697208240336ED00D11631 /* XCRemoteSwiftPackageReference "SSDPClient" */;
			productName = SSDPClient;
		};
/* End XCSwiftPackageProductDependency section */
	};
	rootObject = E56971DD2401B0B800D11631 /* Project object */;
}
